
Microsoft Visual Studio Solution File, Format Version 12.00
# Visual Studio 15
VisualStudioVersion = 15.0.28307.1082
MinimumVisualStudioVersion = 10.0.40219.1
Project("{FAE04EC0-301F-11D3-BF4B-00C04F79EFBC}") = "AutofacTutorial1", "AutofacTutorial1\AutofacTutorial1.csproj", "{5A49CD84-AD6C-4289-A98C-1BF7CBB3390C}"
EndProject
Global
	GlobalSection(SolutionConfigurationPlatforms) = preSolution
		Debug|Any CPU = Debug|Any CPU
		Release|Any CPU = Release|Any CPU
	EndGlobalSection
	GlobalSection(ProjectConfigurationPlatforms) = postSolution
		{5A49CD84-AD6C-4289-A98C-1BF7CBB3390C}.Debug|Any CPU.ActiveCfg = Debug|Any CPU
		{5A49CD84-AD6C-4289-A98C-1BF7CBB3390C}.Debug|Any CPU.Build.0 = Debug|Any CPU
		{5A49CD84-AD6C-4289-A98C-1BF7CBB3390C}.Release|Any CPU.ActiveCfg = Release|Any CPU
		{5A49CD84-AD6C-4289-A98C-1BF7CBB3390C}.Release|Any CPU.Build.0 = Release|Any CPU
	EndGlobalSection
	GlobalSection(SolutionProperties) = preSolution
		HideSolutionNode = FALSE
	EndGlobalSection
	GlobalSection(ExtensibilityGlobals) = postSolution
		SolutionGuid = {22FFEB17-D717-47DE-A6A8-EBE7C57D522D}
	EndGlobalSection
EndGlobal
